
Microsoft Visual Studio Solution File, Format Version 12.00
# Visual Studio Version 17
VisualStudioVersion = 17.14.36401.2
MinimumVisualStudioVersion = 10.0.40219.1
Project("{FAE04EC0-301F-11D3-BF4B-00C04F79EFBC}") = "ECommerce_Api", "ECommerce_Api.csproj", "{7DA49C87-1269-4205-B5DD-FF9C1A6C1DB9}"
EndProject
Project("{FAE04EC0-301F-11D3-BF4B-00C04F79EFBC}") = "HashedPassword", "..\HashedPassword\HashedPassword.csproj", "{04CEF808-7363-47F1-BF34-144EC939A0C7}"
EndProject
Project("{FAE04EC0-301F-11D3-BF4B-00C04F79EFBC}") = "ECommerce.BlazorApp", "..\ECommerce.BlazorApp\ECommerce.BlazorApp.csproj", "{BF3218CA-9E7A-46CB-9563-7D00FEB65BBA}"
EndProject
Global
	GlobalSection(SolutionConfigurationPlatforms) = preSolution
		Debug|Any CPU = Debug|Any CPU
		Release|Any CPU = Release|Any CPU
	EndGlobalSection
	GlobalSection(ProjectConfigurationPlatforms) = postSolution
		{7DA49C87-1269-4205-B5DD-FF9C1A6C1DB9}.Debug|Any CPU.ActiveCfg = Debug|Any CPU
		{7DA49C87-1269-4205-B5DD-FF9C1A6C1DB9}.Debug|Any CPU.Build.0 = Debug|Any CPU
		{7DA49C87-1269-4205-B5DD-FF9C1A6C1DB9}.Release|Any CPU.ActiveCfg = Release|Any CPU
		{7DA49C87-1269-4205-B5DD-FF9C1A6C1DB9}.Release|Any CPU.Build.0 = Release|Any CPU
		{04CEF808-7363-47F1-BF34-144EC939A0C7}.Debug|Any CPU.ActiveCfg = Debug|Any CPU
		{04CEF808-7363-47F1-BF34-144EC939A0C7}.Debug|Any CPU.Build.0 = Debug|Any CPU
		{04CEF808-7363-47F1-BF34-144EC939A0C7}.Release|Any CPU.ActiveCfg = Release|Any CPU
		{04CEF808-7363-47F1-BF34-144EC939A0C7}.Release|Any CPU.Build.0 = Release|Any CPU
		{BF3218CA-9E7A-46CB-9563-7D00FEB65BBA}.Debug|Any CPU.ActiveCfg = Debug|Any CPU
		{BF3218CA-9E7A-46CB-9563-7D00FEB65BBA}.Debug|Any CPU.Build.0 = Debug|Any CPU
		{BF3218CA-9E7A-46CB-9563-7D00FEB65BBA}.Release|Any CPU.ActiveCfg = Release|Any CPU
		{BF3218CA-9E7A-46CB-9563-7D00FEB65BBA}.Release|Any CPU.Build.0 = Release|Any CPU
	EndGlobalSection
	GlobalSection(SolutionProperties) = preSolution
		HideSolutionNode = FALSE
	EndGlobalSection
	GlobalSection(ExtensibilityGlobals) = postSolution
		SolutionGuid = {BDFD330E-2D89-4B4D-9317-D9F03538320F}
	EndGlobalSection
EndGlobal
